// !$*UTF8*$!
{
	archiveVersion = 1;
	classes = {
	};
	objectVersion = 46;
	objects = {

/* Begin PBXBuildFile section */
		3201088596B4756681693705 /* libThree20UICommon.a in Frameworks */ = {isa = PBXBuildFile; fileRef = 3201088596B4756681693704 /* libThree20UICommon.a */; };
		320A2827FEC940B25BC42C65 /* libThree20Core.a in Frameworks */ = {isa = PBXBuildFile; fileRef = 320A2827FEC940B25BC42C64 /* libThree20Core.a */; };
		320A5A189C235877202780D5 /* libThree20Network.a in Frameworks */ = {isa = PBXBuildFile; fileRef = 320A5A189C235877202780D4 /* libThree20Network.a */; };
		320A737074758E53BA54BE95 /* libThree20UINavigator.a in Frameworks */ = {isa = PBXBuildFile; fileRef = 320A737074758E53BA54BE94 /* libThree20UINavigator.a */; };
		320AF8492C47A4D819F7C451 /* QuartzCore.framework in Frameworks */ = {isa = PBXBuildFile; fileRef = 320AF8492C47A4D819F7C450 /* QuartzCore.framework */; };
		320B6C86F11D9990244A9731 /* Three20.bundle in Resources */ = {isa = PBXBuildFile; fileRef = 320B6C86F11D9990244A9730 /* Three20.bundle */; };
		320CC833B8AF0ACFD35E6225 /* libThree20Style.a in Frameworks */ = {isa = PBXBuildFile; fileRef = 320CC833B8AF0ACFD35E6224 /* libThree20Style.a */; };
		320D7DCCE32703ACAB9A45E5 /* libThree20.a in Frameworks */ = {isa = PBXBuildFile; fileRef = 320D7DCCE32703ACAB9A45E4 /* libThree20.a */; };
		320F2C48872C2E2C4DF86205 /* libThree20UI.a in Frameworks */ = {isa = PBXBuildFile; fileRef = 320F2C48872C2E2C4DF86204 /* libThree20UI.a */; };
		953A32A4140F79AE0072549D /* KageParser.m in Sources */ = {isa = PBXBuildFile; fileRef = 953A32A3140F79AE0072549D /* KageParser.m */; };
		954C6CF4141269660082EBAD /* TableAnimeItem.m in Sources */ = {isa = PBXBuildFile; fileRef = 954C6CF3141269660082EBAD /* TableAnimeItem.m */; };
		954C6CF7141272350082EBAD /* Subtitle.m in Sources */ = {isa = PBXBuildFile; fileRef = 954C6CF6141272350082EBAD /* Subtitle.m */; };
		954C6CFA141272370082EBAD /* Anime.m in Sources */ = {isa = PBXBuildFile; fileRef = 954C6CF9141272360082EBAD /* Anime.m */; };
		954C6CFD141272370082EBAD /* Group.m in Sources */ = {isa = PBXBuildFile; fileRef = 954C6CFC141272370082EBAD /* Group.m */; };
		954C6D00141283E70082EBAD /* AnimeDetailViewController.m in Sources */ = {isa = PBXBuildFile; fileRef = 954C6CFF141283E70082EBAD /* AnimeDetailViewController.m */; };
		956CC3DE140F73A4002510D6 /* UIKit.framework in Frameworks */ = {isa = PBXBuildFile; fileRef = 956CC3DD140F73A4002510D6 /* UIKit.framework */; };
		956CC3E0140F73A4002510D6 /* Foundation.framework in Frameworks */ = {isa = PBXBuildFile; fileRef = 956CC3DF140F73A4002510D6 /* Foundation.framework */; };
		956CC3E2140F73A4002510D6 /* CoreGraphics.framework in Frameworks */ = {isa = PBXBuildFile; fileRef = 956CC3E1140F73A4002510D6 /* CoreGraphics.framework */; };
		956CC3E8140F73A4002510D6 /* InfoPlist.strings in Resources */ = {isa = PBXBuildFile; fileRef = 956CC3E6140F73A4002510D6 /* InfoPlist.strings */; };
		956CC3EA140F73A4002510D6 /* main.m in Sources */ = {isa = PBXBuildFile; fileRef = 956CC3E9140F73A4002510D6 /* main.m */; };
		956CC3EE140F73A4002510D6 /* KageClientAppDelegate.m in Sources */ = {isa = PBXBuildFile; fileRef = 956CC3ED140F73A4002510D6 /* KageClientAppDelegate.m */; };
		956CC3F1140F73A4002510D6 /* MainWindow.xib in Resources */ = {isa = PBXBuildFile; fileRef = 956CC3EF140F73A4002510D6 /* MainWindow.xib */; };
		959BD44C1412392F00C2CBC8 /* KageTableDataSource.m in Sources */ = {isa = PBXBuildFile; fileRef = 959BD44B1412392F00C2CBC8 /* KageTableDataSource.m */; };
		95C6601C1411387900A02855 /* RegexHelper.m in Sources */ = {isa = PBXBuildFile; fileRef = 95C6601B1411387900A02855 /* RegexHelper.m */; };
		95C660D61411458C00A02855 /* KageData.xcdatamodeld in Sources */ = {isa = PBXBuildFile; fileRef = 95C660D41411458C00A02855 /* KageData.xcdatamodeld */; };
		95C660E0141148E400A02855 /* KageTableViewController.m in Sources */ = {isa = PBXBuildFile; fileRef = 95C660DF141148E400A02855 /* KageTableViewController.m */; };
		95C660E2141149DB00A02855 /* CoreData.framework in Frameworks */ = {isa = PBXBuildFile; fileRef = 95C660E1141149DB00A02855 /* CoreData.framework */; };
		95C6612014114ACC00A02855 /* CoreDataHelper.m in Sources */ = {isa = PBXBuildFile; fileRef = 95C6611F14114ACC00A02855 /* CoreDataHelper.m */; };
		95C6617E14114C7900A02855 /* CommonData.m in Sources */ = {isa = PBXBuildFile; fileRef = 95C6617D14114C7900A02855 /* CommonData.m */; };
		95EF30D3140FF6A4007155E8 /* test.html in Resources */ = {isa = PBXBuildFile; fileRef = 95EF30D2140FF6A4007155E8 /* test.html */; };
/* End PBXBuildFile section */

/* Begin PBXContainerItemProxy section */
		3201088596B4756681693702 /* PBXContainerItemProxy */ = {
			isa = PBXContainerItemProxy;
			containerPortal = 3201088596B4756681693700 /* Three20UICommon.xcodeproj */;
			proxyType = 1;
			remoteGlobalIDString = BEF31F390F352DF5000DE5D2;
			remoteInfo = Three20UICommon;
		};
		3201088596B4756681693706 /* PBXContainerItemProxy */ = {
			isa = PBXContainerItemProxy;
			containerPortal = 3201088596B4756681693700 /* Three20UICommon.xcodeproj */;
			proxyType = 2;
			remoteGlobalIDString = BEF31F3A0F352DF5000DE5D2;
			remoteInfo = Three20UICommon;
		};
		320A2827FEC940B25BC42C62 /* PBXContainerItemProxy */ = {
			isa = PBXContainerItemProxy;
			containerPortal = 320A2827FEC940B25BC42C60 /* Three20Core.xcodeproj */;
			proxyType = 1;
			remoteGlobalIDString = BEF31F390F352DF5000DE5D2;
			remoteInfo = Three20Core;
		};
		320A2827FEC940B25BC42C66 /* PBXContainerItemProxy */ = {
			isa = PBXContainerItemProxy;
			containerPortal = 320A2827FEC940B25BC42C60 /* Three20Core.xcodeproj */;
			proxyType = 2;
			remoteGlobalIDString = BEF31F3A0F352DF5000DE5D2;
			remoteInfo = Three20Core;
		};
		320A5A189C235877202780D2 /* PBXContainerItemProxy */ = {
			isa = PBXContainerItemProxy;
			containerPortal = 320A5A189C235877202780D0 /* Three20Network.xcodeproj */;
			proxyType = 1;
			remoteGlobalIDString = BEF31F390F352DF5000DE5D2;
			remoteInfo = Three20Network;
		};
		320A5A189C235877202780D6 /* PBXContainerItemProxy */ = {
			isa = PBXContainerItemProxy;
			containerPortal = 320A5A189C235877202780D0 /* Three20Network.xcodeproj */;
			proxyType = 2;
			remoteGlobalIDString = BEF31F3A0F352DF5000DE5D2;
			remoteInfo = Three20Network;
		};
		320A737074758E53BA54BE92 /* PBXContainerItemProxy */ = {
			isa = PBXContainerItemProxy;
			containerPortal = 320A737074758E53BA54BE90 /* Three20UINavigator.xcodeproj */;
			proxyType = 1;
			remoteGlobalIDString = BEF31F390F352DF5000DE5D2;
			remoteInfo = Three20UINavigator;
		};
		320A737074758E53BA54BE96 /* PBXContainerItemProxy */ = {
			isa = PBXContainerItemProxy;
			containerPortal = 320A737074758E53BA54BE90 /* Three20UINavigator.xcodeproj */;
			proxyType = 2;
			remoteGlobalIDString = BEF31F3A0F352DF5000DE5D2;
			remoteInfo = Three20UINavigator;
		};
		320CC833B8AF0ACFD35E6222 /* PBXContainerItemProxy */ = {
			isa = PBXContainerItemProxy;
			containerPortal = 320CC833B8AF0ACFD35E6220 /* Three20Style.xcodeproj */;
			proxyType = 1;
			remoteGlobalIDString = BEF31F390F352DF5000DE5D2;
			remoteInfo = Three20Style;
		};
		320CC833B8AF0ACFD35E6226 /* PBXContainerItemProxy */ = {
			isa = PBXContainerItemProxy;
			containerPortal = 320CC833B8AF0ACFD35E6220 /* Three20Style.xcodeproj */;
			proxyType = 2;
			remoteGlobalIDString = BEF31F3A0F352DF5000DE5D2;
			remoteInfo = Three20Style;
		};
		320D7DCCE32703ACAB9A45E2 /* PBXContainerItemProxy */ = {
			isa = PBXContainerItemProxy;
			containerPortal = 320D7DCCE32703ACAB9A45E0 /* Three20.xcodeproj */;
			proxyType = 1;
			remoteGlobalIDString = BEF31F390F352DF5000DE5D2;
			remoteInfo = Three20;
		};
		320D7DCCE32703ACAB9A45E6 /* PBXContainerItemProxy */ = {
			isa = PBXContainerItemProxy;
			containerPortal = 320D7DCCE32703ACAB9A45E0 /* Three20.xcodeproj */;
			proxyType = 2;
			remoteGlobalIDString = BEF31F3A0F352DF5000DE5D2;
			remoteInfo = Three20;
		};
		320F2C48872C2E2C4DF86202 /* PBXContainerItemProxy */ = {
			isa = PBXContainerItemProxy;
			containerPortal = 320F2C48872C2E2C4DF86200 /* Three20UI.xcodeproj */;
			proxyType = 1;
			remoteGlobalIDString = BEF31F390F352DF5000DE5D2;
			remoteInfo = Three20UI;
		};
		320F2C48872C2E2C4DF86206 /* PBXContainerItemProxy */ = {
			isa = PBXContainerItemProxy;
			containerPortal = 320F2C48872C2E2C4DF86200 /* Three20UI.xcodeproj */;
			proxyType = 2;
			remoteGlobalIDString = BEF31F3A0F352DF5000DE5D2;
			remoteInfo = Three20UI;
		};
		953A3283140F78BD0072549D /* PBXContainerItemProxy */ = {
			isa = PBXContainerItemProxy;
			containerPortal = 320D7DCCE32703ACAB9A45E0 /* Three20.xcodeproj */;
			proxyType = 2;
			remoteGlobalIDString = EB9E6C6210B6A8F800DE563C;
			remoteInfo = Three20UnitTests;
		};
		953A3286140F78BD0072549D /* PBXContainerItemProxy */ = {
			isa = PBXContainerItemProxy;
			containerPortal = 320A2827FEC940B25BC42C60 /* Three20Core.xcodeproj */;
			proxyType = 2;
			remoteGlobalIDString = EB9E6C6210B6A8F800DE563C;
			remoteInfo = Three20CoreUnitTests;
		};
		953A328B140F78BD0072549D /* PBXContainerItemProxy */ = {
			isa = PBXContainerItemProxy;
			containerPortal = 320A5A189C235877202780D0 /* Three20Network.xcodeproj */;
			proxyType = 2;
			remoteGlobalIDString = 662D81EF12630516005851C2;
			remoteInfo = "Three20Network-Xcode3.2.5";
		};
		953A328D140F78BD0072549D /* PBXContainerItemProxy */ = {
			isa = PBXContainerItemProxy;
			containerPortal = 320A5A189C235877202780D0 /* Three20Network.xcodeproj */;
			proxyType = 2;
			remoteGlobalIDString = EB9E6C6210B6A8F800DE563C;
			remoteInfo = Three20NetworkUnitTests;
		};
		953A328F140F78BD0072549D /* PBXContainerItemProxy */ = {
			isa = PBXContainerItemProxy;
			containerPortal = 320A5A189C235877202780D0 /* Three20Network.xcodeproj */;
			proxyType = 2;
			remoteGlobalIDString = 662D81B2126304EB005851C2;
			remoteInfo = "Three20NetworkUnitTests-Xcode3.2.5";
		};
		953A3292140F78BD0072549D /* PBXContainerItemProxy */ = {
			isa = PBXContainerItemProxy;
			containerPortal = 320CC833B8AF0ACFD35E6220 /* Three20Style.xcodeproj */;
			proxyType = 2;
			remoteGlobalIDString = EB9E6C6210B6A8F800DE563C;
			remoteInfo = Three20StyleUnitTests;
		};
		953A3295140F78BD0072549D /* PBXContainerItemProxy */ = {
			isa = PBXContainerItemProxy;
			containerPortal = 320F2C48872C2E2C4DF86200 /* Three20UI.xcodeproj */;
			proxyType = 2;
			remoteGlobalIDString = EB9E6C6210B6A8F800DE563C;
			remoteInfo = Three20UIUnitTests;
		};
		953A3298140F78BD0072549D /* PBXContainerItemProxy */ = {
			isa = PBXContainerItemProxy;
			containerPortal = 3201088596B4756681693700 /* Three20UICommon.xcodeproj */;
			proxyType = 2;
			remoteGlobalIDString = EB9E6C6210B6A8F800DE563C;
			remoteInfo = Three20UICommonUnitTests;
		};
		953A329B140F78BD0072549D /* PBXContainerItemProxy */ = {
			isa = PBXContainerItemProxy;
			containerPortal = 320A737074758E53BA54BE90 /* Three20UINavigator.xcodeproj */;
			proxyType = 2;
			remoteGlobalIDString = EB9E6C6210B6A8F800DE563C;
			remoteInfo = Three20UINavigatorUnitTests;
		};
/* End PBXContainerItemProxy section */

/* Begin PBXFileReference section */
		3201088596B4756681693700 /* Three20UICommon.xcodeproj */ = {isa = PBXFileReference; lastKnownFileType = "wrapper.pb-project"; name = Three20UICommon.xcodeproj; path = ../../../three20/src/Three20UICommon/Three20UICommon.xcodeproj; sourceTree = SOURCE_ROOT; };
		320A2827FEC940B25BC42C60 /* Three20Core.xcodeproj */ = {isa = PBXFileReference; lastKnownFileType = "wrapper.pb-project"; name = Three20Core.xcodeproj; path = ../../../three20/src/Three20Core/Three20Core.xcodeproj; sourceTree = SOURCE_ROOT; };
		320A5A189C235877202780D0 /* Three20Network.xcodeproj */ = {isa = PBXFileReference; lastKnownFileType = "wrapper.pb-project"; name = Three20Network.xcodeproj; path = ../../../three20/src/Three20Network/Three20Network.xcodeproj; sourceTree = SOURCE_ROOT; };
		320A737074758E53BA54BE90 /* Three20UINavigator.xcodeproj */ = {isa = PBXFileReference; lastKnownFileType = "wrapper.pb-project"; name = Three20UINavigator.xcodeproj; path = ../../../three20/src/Three20UINavigator/Three20UINavigator.xcodeproj; sourceTree = SOURCE_ROOT; };
		320AF8492C47A4D819F7C450 /* QuartzCore.framework */ = {isa = PBXFileReference; lastKnownFileType = wrapper.frameworks; name = QuartzCore.framework; path = System/Library/Frameworks/QuartzCore.framework; sourceTree = SDKROOT; };
		320B6C86F11D9990244A9730 /* Three20.bundle */ = {isa = PBXFileReference; lastKnownFileType = "wrapper.plug-in"; name = Three20.bundle; path = ../../../three20/src/Three20.bundle; sourceTree = SOURCE_ROOT; };
		320CC833B8AF0ACFD35E6220 /* Three20Style.xcodeproj */ = {isa = PBXFileReference; lastKnownFileType = "wrapper.pb-project"; name = Three20Style.xcodeproj; path = ../../../three20/src/Three20Style/Three20Style.xcodeproj; sourceTree = SOURCE_ROOT; };
		320D7DCCE32703ACAB9A45E0 /* Three20.xcodeproj */ = {isa = PBXFileReference; lastKnownFileType = "wrapper.pb-project"; name = Three20.xcodeproj; path = ../../../three20/src/Three20/Three20.xcodeproj; sourceTree = SOURCE_ROOT; };
		320F2C48872C2E2C4DF86200 /* Three20UI.xcodeproj */ = {isa = PBXFileReference; lastKnownFileType = "wrapper.pb-project"; name = Three20UI.xcodeproj; path = ../../../three20/src/Three20UI/Three20UI.xcodeproj; sourceTree = SOURCE_ROOT; };
		953A32A2140F79AE0072549D /* KageParser.h */ = {isa = PBXFileReference; fileEncoding = 4; lastKnownFileType = sourcecode.c.h; name = KageParser.h; path = Common/KageParser.h; sourceTree = "<group>"; };
		953A32A3140F79AE0072549D /* KageParser.m */ = {isa = PBXFileReference; fileEncoding = 4; lastKnownFileType = sourcecode.c.objc; name = KageParser.m; path = Common/KageParser.m; sourceTree = "<group>"; };
		954C6CF2141269660082EBAD /* TableAnimeItem.h */ = {isa = PBXFileReference; fileEncoding = 4; lastKnownFileType = sourcecode.c.h; name = TableAnimeItem.h; path = Views/TableAnimeItem.h; sourceTree = "<group>"; };
		954C6CF3141269660082EBAD /* TableAnimeItem.m */ = {isa = PBXFileReference; fileEncoding = 4; lastKnownFileType = sourcecode.c.objc; name = TableAnimeItem.m; path = Views/TableAnimeItem.m; sourceTree = "<group>"; };
		954C6CF5141272350082EBAD /* Subtitle.h */ = {isa = PBXFileReference; fileEncoding = 4; lastKnownFileType = sourcecode.c.h; name = Subtitle.h; path = Models/Subtitle.h; sourceTree = "<group>"; };
		954C6CF6141272350082EBAD /* Subtitle.m */ = {isa = PBXFileReference; fileEncoding = 4; lastKnownFileType = sourcecode.c.objc; name = Subtitle.m; path = Models/Subtitle.m; sourceTree = "<group>"; };
		954C6CF8141272360082EBAD /* Anime.h */ = {isa = PBXFileReference; fileEncoding = 4; lastKnownFileType = sourcecode.c.h; name = Anime.h; path = Models/Anime.h; sourceTree = "<group>"; };
		954C6CF9141272360082EBAD /* Anime.m */ = {isa = PBXFileReference; fileEncoding = 4; lastKnownFileType = sourcecode.c.objc; name = Anime.m; path = Models/Anime.m; sourceTree = "<group>"; };
		954C6CFB141272370082EBAD /* Group.h */ = {isa = PBXFileReference; fileEncoding = 4; lastKnownFileType = sourcecode.c.h; name = Group.h; path = Models/Group.h; sourceTree = "<group>"; };
		954C6CFC141272370082EBAD /* Group.m */ = {isa = PBXFileReference; fileEncoding = 4; lastKnownFileType = sourcecode.c.objc; name = Group.m; path = Models/Group.m; sourceTree = "<group>"; };
		954C6CFE141283E70082EBAD /* AnimeDetailViewController.h */ = {isa = PBXFileReference; fileEncoding = 4; lastKnownFileType = sourcecode.c.h; name = AnimeDetailViewController.h; path = Controllers/AnimeDetailViewController.h; sourceTree = "<group>"; };
		954C6CFF141283E70082EBAD /* AnimeDetailViewController.m */ = {isa = PBXFileReference; fileEncoding = 4; lastKnownFileType = sourcecode.c.objc; name = AnimeDetailViewController.m; path = Controllers/AnimeDetailViewController.m; sourceTree = "<group>"; };
		956CC3D9140F73A4002510D6 /* KageClient.app */ = {isa = PBXFileReference; explicitFileType = wrapper.application; includeInIndex = 0; path = KageClient.app; sourceTree = BUILT_PRODUCTS_DIR; };
		956CC3DD140F73A4002510D6 /* UIKit.framework */ = {isa = PBXFileReference; lastKnownFileType = wrapper.framework; name = UIKit.framework; path = System/Library/Frameworks/UIKit.framework; sourceTree = SDKROOT; };
		956CC3DF140F73A4002510D6 /* Foundation.framework */ = {isa = PBXFileReference; lastKnownFileType = wrapper.framework; name = Foundation.framework; path = System/Library/Frameworks/Foundation.framework; sourceTree = SDKROOT; };
		956CC3E1140F73A4002510D6 /* CoreGraphics.framework */ = {isa = PBXFileReference; lastKnownFileType = wrapper.framework; name = CoreGraphics.framework; path = System/Library/Frameworks/CoreGraphics.framework; sourceTree = SDKROOT; };
		956CC3E5140F73A4002510D6 /* KageClient-Info.plist */ = {isa = PBXFileReference; lastKnownFileType = text.plist.xml; path = "KageClient-Info.plist"; sourceTree = "<group>"; };
		956CC3E7140F73A4002510D6 /* en */ = {isa = PBXFileReference; lastKnownFileType = text.plist.strings; name = en; path = en.lproj/InfoPlist.strings; sourceTree = "<group>"; };
		956CC3E9140F73A4002510D6 /* main.m */ = {isa = PBXFileReference; lastKnownFileType = sourcecode.c.objc; path = main.m; sourceTree = "<group>"; };
		956CC3EB140F73A4002510D6 /* KageClient-Prefix.pch */ = {isa = PBXFileReference; lastKnownFileType = sourcecode.c.h; path = "KageClient-Prefix.pch"; sourceTree = "<group>"; };
		956CC3EC140F73A4002510D6 /* KageClientAppDelegate.h */ = {isa = PBXFileReference; lastKnownFileType = sourcecode.c.h; path = KageClientAppDelegate.h; sourceTree = "<group>"; };
		956CC3ED140F73A4002510D6 /* KageClientAppDelegate.m */ = {isa = PBXFileReference; lastKnownFileType = sourcecode.c.objc; path = KageClientAppDelegate.m; sourceTree = "<group>"; };
		956CC3F0140F73A4002510D6 /* en */ = {isa = PBXFileReference; lastKnownFileType = file.xib; name = en; path = en.lproj/MainWindow.xib; sourceTree = "<group>"; };
		959BD44A1412392F00C2CBC8 /* KageTableDataSource.h */ = {isa = PBXFileReference; fileEncoding = 4; lastKnownFileType = sourcecode.c.h; name = KageTableDataSource.h; path = Models/KageTableDataSource.h; sourceTree = "<group>"; };
		959BD44B1412392F00C2CBC8 /* KageTableDataSource.m */ = {isa = PBXFileReference; fileEncoding = 4; lastKnownFileType = sourcecode.c.objc; name = KageTableDataSource.m; path = Models/KageTableDataSource.m; sourceTree = "<group>"; };
		95C6601A1411387900A02855 /* RegexHelper.h */ = {isa = PBXFileReference; fileEncoding = 4; lastKnownFileType = sourcecode.c.h; name = RegexHelper.h; path = Common/RegexHelper.h; sourceTree = "<group>"; };
		95C6601B1411387900A02855 /* RegexHelper.m */ = {isa = PBXFileReference; fileEncoding = 4; lastKnownFileType = sourcecode.c.objc; name = RegexHelper.m; path = Common/RegexHelper.m; sourceTree = "<group>"; };
		95C660D51411458C00A02855 /* KageData.xcdatamodel */ = {isa = PBXFileReference; lastKnownFileType = wrapper.xcdatamodel; path = KageData.xcdatamodel; sourceTree = "<group>"; };
		95C660DE141148E400A02855 /* KageTableViewController.h */ = {isa = PBXFileReference; fileEncoding = 4; lastKnownFileType = sourcecode.c.h; name = KageTableViewController.h; path = Controllers/KageTableViewController.h; sourceTree = "<group>"; };
		95C660DF141148E400A02855 /* KageTableViewController.m */ = {isa = PBXFileReference; fileEncoding = 4; lastKnownFileType = sourcecode.c.objc; name = KageTableViewController.m; path = Controllers/KageTableViewController.m; sourceTree = "<group>"; };
		95C660E1141149DB00A02855 /* CoreData.framework */ = {isa = PBXFileReference; lastKnownFileType = wrapper.framework; name = CoreData.framework; path = System/Library/Frameworks/CoreData.framework; sourceTree = SDKROOT; };
		95C6611E14114ACC00A02855 /* CoreDataHelper.h */ = {isa = PBXFileReference; fileEncoding = 4; lastKnownFileType = sourcecode.c.h; name = CoreDataHelper.h; path = Common/CoreDataHelper.h; sourceTree = "<group>"; };
		95C6611F14114ACC00A02855 /* CoreDataHelper.m */ = {isa = PBXFileReference; fileEncoding = 4; lastKnownFileType = sourcecode.c.objc; name = CoreDataHelper.m; path = Common/CoreDataHelper.m; sourceTree = "<group>"; };
		95C6617C14114C7900A02855 /* CommonData.h */ = {isa = PBXFileReference; fileEncoding = 4; lastKnownFileType = sourcecode.c.h; name = CommonData.h; path = Models/CommonData.h; sourceTree = "<group>"; };
		95C6617D14114C7900A02855 /* CommonData.m */ = {isa = PBXFileReference; fileEncoding = 4; lastKnownFileType = sourcecode.c.objc; name = CommonData.m; path = Models/CommonData.m; sourceTree = "<group>"; };
		95EF30D2140FF6A4007155E8 /* test.html */ = {isa = PBXFileReference; fileEncoding = 4; lastKnownFileType = text.html; name = test.html; path = ../../../test.html; sourceTree = "<group>"; };
/* End PBXFileReference section */

/* Begin PBXFrameworksBuildPhase section */
		956CC3D6140F73A4002510D6 /* Frameworks */ = {
			isa = PBXFrameworksBuildPhase;
			buildActionMask = 2147483647;
			files = (
				95C660E2141149DB00A02855 /* CoreData.framework in Frameworks */,
				3201088596B4756681693705 /* libThree20UICommon.a in Frameworks */,
				320D7DCCE32703ACAB9A45E5 /* libThree20.a in Frameworks */,
				320A737074758E53BA54BE95 /* libThree20UINavigator.a in Frameworks */,
				320A2827FEC940B25BC42C65 /* libThree20Core.a in Frameworks */,
				320F2C48872C2E2C4DF86205 /* libThree20UI.a in Frameworks */,
				320AF8492C47A4D819F7C451 /* QuartzCore.framework in Frameworks */,
				320A5A189C235877202780D5 /* libThree20Network.a in Frameworks */,
				320CC833B8AF0ACFD35E6225 /* libThree20Style.a in Frameworks */,
				956CC3DE140F73A4002510D6 /* UIKit.framework in Frameworks */,
				956CC3E0140F73A4002510D6 /* Foundation.framework in Frameworks */,
				956CC3E2140F73A4002510D6 /* CoreGraphics.framework in Frameworks */,
			);
			runOnlyForDeploymentPostprocessing = 0;
		};
/* End PBXFrameworksBuildPhase section */

/* Begin PBXGroup section */
		3201088596B4756681693703 /* Products */ = {
			isa = PBXGroup;
			children = (
				3201088596B4756681693704 /* libThree20UICommon.a */,
				953A3299140F78BD0072549D /* UICommonUnitTests.octest */,
			);
			name = Products;
			sourceTree = "<group>";
		};
		320A2827FEC940B25BC42C63 /* Products */ = {
			isa = PBXGroup;
			children = (
				320A2827FEC940B25BC42C64 /* libThree20Core.a */,
				953A3287140F78BD0072549D /* CoreUnitTests.octest */,
			);
			name = Products;
			sourceTree = "<group>";
		};
		320A5A189C235877202780D3 /* Products */ = {
			isa = PBXGroup;
			children = (
				320A5A189C235877202780D4 /* libThree20Network.a */,
				953A328C140F78BD0072549D /* libThree20Network-Xcode3.2.5.a */,
				953A328E140F78BD0072549D /* NetworkUnitTests.octest */,
				953A3290140F78BD0072549D /* NetworkUnitTests-Xcode3.2.5.octest */,
			);
			name = Products;
			sourceTree = "<group>";
		};
		320A737074758E53BA54BE93 /* Products */ = {
			isa = PBXGroup;
			children = (
				320A737074758E53BA54BE94 /* libThree20UINavigator.a */,
				953A329C140F78BD0072549D /* UINavigatorUnitTests.octest */,
			);
			name = Products;
			sourceTree = "<group>";
		};
		320CC833B8AF0ACFD35E6223 /* Products */ = {
			isa = PBXGroup;
			children = (
				320CC833B8AF0ACFD35E6224 /* libThree20Style.a */,
				953A3293140F78BD0072549D /* StyleUnitTests.octest */,
			);
			name = Products;
			sourceTree = "<group>";
		};
		320D7DCCE32703ACAB9A45E3 /* Products */ = {
			isa = PBXGroup;
			children = (
				320D7DCCE32703ACAB9A45E4 /* libThree20.a */,
				953A3284140F78BD0072549D /* Three20UnitTests.octest */,
			);
			name = Products;
			sourceTree = "<group>";
		};
		320F2C48872C2E2C4DF86203 /* Products */ = {
			isa = PBXGroup;
			children = (
				320F2C48872C2E2C4DF86204 /* libThree20UI.a */,
				953A3296140F78BD0072549D /* UIUnitTests.octest */,
			);
			name = Products;
			sourceTree = "<group>";
		};
		953A32A1140F798C0072549D /* Common */ = {
			isa = PBXGroup;
			children = (
				953A32A2140F79AE0072549D /* KageParser.h */,
				953A32A3140F79AE0072549D /* KageParser.m */,
				95C6601A1411387900A02855 /* RegexHelper.h */,
				95C6601B1411387900A02855 /* RegexHelper.m */,
				95C6611E14114ACC00A02855 /* CoreDataHelper.h */,
				95C6611F14114ACC00A02855 /* CoreDataHelper.m */,
			);
			name = Common;
			sourceTree = "<group>";
		};
		954C6C50141243DC0082EBAD /* Views */ = {
			isa = PBXGroup;
			children = (
				954C6CF2141269660082EBAD /* TableAnimeItem.h */,
				954C6CF3141269660082EBAD /* TableAnimeItem.m */,
			);
			name = Views;
			sourceTree = "<group>";
		};
		956CC3CE140F73A4002510D6 = {
			isa = PBXGroup;
			children = (
				956CC3E3140F73A4002510D6 /* KageClient */,
				956CC3DC140F73A4002510D6 /* Frameworks */,
				956CC3DA140F73A4002510D6 /* Products */,
			);
			sourceTree = "<group>";
		};
		956CC3DA140F73A4002510D6 /* Products */ = {
			isa = PBXGroup;
			children = (
				956CC3D9140F73A4002510D6 /* KageClient.app */,
			);
			name = Products;
			sourceTree = "<group>";
		};
		956CC3DC140F73A4002510D6 /* Frameworks */ = {
			isa = PBXGroup;
			children = (
				3201088596B4756681693700 /* Three20UICommon.xcodeproj */,
				320D7DCCE32703ACAB9A45E0 /* Three20.xcodeproj */,
				320A737074758E53BA54BE90 /* Three20UINavigator.xcodeproj */,
				320A2827FEC940B25BC42C60 /* Three20Core.xcodeproj */,
				320F2C48872C2E2C4DF86200 /* Three20UI.xcodeproj */,
				320AF8492C47A4D819F7C450 /* QuartzCore.framework */,
				320A5A189C235877202780D0 /* Three20Network.xcodeproj */,
				320CC833B8AF0ACFD35E6220 /* Three20Style.xcodeproj */,
				956CC3DD140F73A4002510D6 /* UIKit.framework */,
				95C660E1141149DB00A02855 /* CoreData.framework */,
				956CC3DF140F73A4002510D6 /* Foundation.framework */,
				956CC3E1140F73A4002510D6 /* CoreGraphics.framework */,
			);
			name = Frameworks;
			sourceTree = "<group>";
		};
		956CC3E3140F73A4002510D6 /* KageClient */ = {
			isa = PBXGroup;
			children = (
				954C6C50141243DC0082EBAD /* Views */,
				95C660DD141147DB00A02855 /* ViewControllers */,
				95C660D31411457000A02855 /* Models */,
				953A32A1140F798C0072549D /* Common */,
				956CC3EC140F73A4002510D6 /* KageClientAppDelegate.h */,
				956CC3ED140F73A4002510D6 /* KageClientAppDelegate.m */,
				956CC3EF140F73A4002510D6 /* MainWindow.xib */,
				956CC3E4140F73A4002510D6 /* Supporting Files */,
			);
			path = KageClient;
			sourceTree = "<group>";
		};
		956CC3E4140F73A4002510D6 /* Supporting Files */ = {
			isa = PBXGroup;
			children = (
				95EF30D2140FF6A4007155E8 /* test.html */,
				320B6C86F11D9990244A9730 /* Three20.bundle */,
				956CC3E5140F73A4002510D6 /* KageClient-Info.plist */,
				956CC3E6140F73A4002510D6 /* InfoPlist.strings */,
				956CC3E9140F73A4002510D6 /* main.m */,
				956CC3EB140F73A4002510D6 /* KageClient-Prefix.pch */,
			);
			name = "Supporting Files";
			sourceTree = "<group>";
		};
		95C660D31411457000A02855 /* Models */ = {
			isa = PBXGroup;
			children = (
				95C660D41411458C00A02855 /* KageData.xcdatamodeld */,
				95C6617C14114C7900A02855 /* CommonData.h */,
				95C6617D14114C7900A02855 /* CommonData.m */,
				959BD44A1412392F00C2CBC8 /* KageTableDataSource.h */,
				959BD44B1412392F00C2CBC8 /* KageTableDataSource.m */,
				954C6CF5141272350082EBAD /* Subtitle.h */,
				954C6CF6141272350082EBAD /* Subtitle.m */,
				954C6CF8141272360082EBAD /* Anime.h */,
				954C6CF9141272360082EBAD /* Anime.m */,
				954C6CFB141272370082EBAD /* Group.h */,
				954C6CFC141272370082EBAD /* Group.m */,
			);
			name = Models;
			sourceTree = "<group>";
		};
		95C660DD141147DB00A02855 /* ViewControllers */ = {
			isa = PBXGroup;
			children = (
				95C660DE141148E400A02855 /* KageTableViewController.h */,
				95C660DF141148E400A02855 /* KageTableViewController.m */,
				954C6CFE141283E70082EBAD /* AnimeDetailViewController.h */,
				954C6CFF141283E70082EBAD /* AnimeDetailViewController.m */,
			);
			name = ViewControllers;
			sourceTree = "<group>";
		};
/* End PBXGroup section */

/* Begin PBXNativeTarget section */
		956CC3D8140F73A4002510D6 /* KageClient */ = {
			isa = PBXNativeTarget;
			buildConfigurationList = 956CC3F4140F73A4002510D6 /* Build configuration list for PBXNativeTarget "KageClient" */;
			buildPhases = (
				956CC3D5140F73A4002510D6 /* Sources */,
				956CC3D6140F73A4002510D6 /* Frameworks */,
				956CC3D7140F73A4002510D6 /* Resources */,
			);
			buildRules = (
			);
			dependencies = (
				3201088596B4756681693701 /* PBXTargetDependency */,
				320D7DCCE32703ACAB9A45E1 /* PBXTargetDependency */,
				320A737074758E53BA54BE91 /* PBXTargetDependency */,
				320A2827FEC940B25BC42C61 /* PBXTargetDependency */,
				320F2C48872C2E2C4DF86201 /* PBXTargetDependency */,
				320A5A189C235877202780D1 /* PBXTargetDependency */,
				320CC833B8AF0ACFD35E6221 /* PBXTargetDependency */,
			);
			name = KageClient;
			productName = KageClient;
			productReference = 956CC3D9140F73A4002510D6 /* KageClient.app */;
			productType = "com.apple.product-type.application";
		};
/* End PBXNativeTarget section */

/* Begin PBXProject section */
		956CC3D0140F73A4002510D6 /* Project object */ = {
			isa = PBXProject;
			buildConfigurationList = 956CC3D3140F73A4002510D6 /* Build configuration list for PBXProject "KageClient" */;
			compatibilityVersion = "Xcode 3.2";
			developmentRegion = English;
			hasScannedForEncodings = 0;
			knownRegions = (
				en,
			);
			mainGroup = 956CC3CE140F73A4002510D6;
			productRefGroup = 956CC3DA140F73A4002510D6 /* Products */;
			projectDirPath = "";
			projectReferences = (
				{
					ProductGroup = 320D7DCCE32703ACAB9A45E3 /* Products */;
					ProjectRef = 320D7DCCE32703ACAB9A45E0 /* Three20.xcodeproj */;
				},
				{
					ProductGroup = 320A2827FEC940B25BC42C63 /* Products */;
					ProjectRef = 320A2827FEC940B25BC42C60 /* Three20Core.xcodeproj */;
				},
				{
					ProductGroup = 320A5A189C235877202780D3 /* Products */;
					ProjectRef = 320A5A189C235877202780D0 /* Three20Network.xcodeproj */;
				},
				{
					ProductGroup = 320CC833B8AF0ACFD35E6223 /* Products */;
					ProjectRef = 320CC833B8AF0ACFD35E6220 /* Three20Style.xcodeproj */;
				},
				{
					ProductGroup = 320F2C48872C2E2C4DF86203 /* Products */;
					ProjectRef = 320F2C48872C2E2C4DF86200 /* Three20UI.xcodeproj */;
				},
				{
					ProductGroup = 3201088596B4756681693703 /* Products */;
					ProjectRef = 3201088596B4756681693700 /* Three20UICommon.xcodeproj */;
				},
				{
					ProductGroup = 320A737074758E53BA54BE93 /* Products */;
					ProjectRef = 320A737074758E53BA54BE90 /* Three20UINavigator.xcodeproj */;
				},
			);
			projectRoot = "";
			targets = (
				956CC3D8140F73A4002510D6 /* KageClient */,
			);
		};
/* End PBXProject section */

/* Begin PBXReferenceProxy section */
		3201088596B4756681693704 /* libThree20UICommon.a */ = {
			isa = PBXReferenceProxy;
			fileType = archive.ar;
			path = libThree20UICommon.a;
			remoteRef = 3201088596B4756681693706 /* PBXContainerItemProxy */;
			sourceTree = BUILT_PRODUCTS_DIR;
		};
		320A2827FEC940B25BC42C64 /* libThree20Core.a */ = {
			isa = PBXReferenceProxy;
			fileType = archive.ar;
			path = libThree20Core.a;
			remoteRef = 320A2827FEC940B25BC42C66 /* PBXContainerItemProxy */;
			sourceTree = BUILT_PRODUCTS_DIR;
		};
		320A5A189C235877202780D4 /* libThree20Network.a */ = {
			isa = PBXReferenceProxy;
			fileType = archive.ar;
			path = libThree20Network.a;
			remoteRef = 320A5A189C235877202780D6 /* PBXContainerItemProxy */;
			sourceTree = BUILT_PRODUCTS_DIR;
		};
		320A737074758E53BA54BE94 /* libThree20UINavigator.a */ = {
			isa = PBXReferenceProxy;
			fileType = archive.ar;
			path = libThree20UINavigator.a;
			remoteRef = 320A737074758E53BA54BE96 /* PBXContainerItemProxy */;
			sourceTree = BUILT_PRODUCTS_DIR;
		};
		320CC833B8AF0ACFD35E6224 /* libThree20Style.a */ = {
			isa = PBXReferenceProxy;
			fileType = archive.ar;
			path = libThree20Style.a;
			remoteRef = 320CC833B8AF0ACFD35E6226 /* PBXContainerItemProxy */;
			sourceTree = BUILT_PRODUCTS_DIR;
		};
		320D7DCCE32703ACAB9A45E4 /* libThree20.a */ = {
			isa = PBXReferenceProxy;
			fileType = archive.ar;
			path = libThree20.a;
			remoteRef = 320D7DCCE32703ACAB9A45E6 /* PBXContainerItemProxy */;
			sourceTree = BUILT_PRODUCTS_DIR;
		};
		320F2C48872C2E2C4DF86204 /* libThree20UI.a */ = {
			isa = PBXReferenceProxy;
			fileType = archive.ar;
			path = libThree20UI.a;
			remoteRef = 320F2C48872C2E2C4DF86206 /* PBXContainerItemProxy */;
			sourceTree = BUILT_PRODUCTS_DIR;
		};
		953A3284140F78BD0072549D /* Three20UnitTests.octest */ = {
			isa = PBXReferenceProxy;
			fileType = wrapper.cfbundle;
			path = Three20UnitTests.octest;
			remoteRef = 953A3283140F78BD0072549D /* PBXContainerItemProxy */;
			sourceTree = BUILT_PRODUCTS_DIR;
		};
		953A3287140F78BD0072549D /* CoreUnitTests.octest */ = {
			isa = PBXReferenceProxy;
			fileType = wrapper.cfbundle;
			path = CoreUnitTests.octest;
			remoteRef = 953A3286140F78BD0072549D /* PBXContainerItemProxy */;
			sourceTree = BUILT_PRODUCTS_DIR;
		};
		953A328C140F78BD0072549D /* libThree20Network-Xcode3.2.5.a */ = {
			isa = PBXReferenceProxy;
			fileType = archive.ar;
			path = "libThree20Network-Xcode3.2.5.a";
			remoteRef = 953A328B140F78BD0072549D /* PBXContainerItemProxy */;
			sourceTree = BUILT_PRODUCTS_DIR;
		};
		953A328E140F78BD0072549D /* NetworkUnitTests.octest */ = {
			isa = PBXReferenceProxy;
			fileType = wrapper.cfbundle;
			path = NetworkUnitTests.octest;
			remoteRef = 953A328D140F78BD0072549D /* PBXContainerItemProxy */;
			sourceTree = BUILT_PRODUCTS_DIR;
		};
		953A3290140F78BD0072549D /* NetworkUnitTests-Xcode3.2.5.octest */ = {
			isa = PBXReferenceProxy;
			fileType = wrapper.cfbundle;
			path = "NetworkUnitTests-Xcode3.2.5.octest";
			remoteRef = 953A328F140F78BD0072549D /* PBXContainerItemProxy */;
			sourceTree = BUILT_PRODUCTS_DIR;
		};
		953A3293140F78BD0072549D /* StyleUnitTests.octest */ = {
			isa = PBXReferenceProxy;
			fileType = wrapper.cfbundle;
			path = StyleUnitTests.octest;
			remoteRef = 953A3292140F78BD0072549D /* PBXContainerItemProxy */;
			sourceTree = BUILT_PRODUCTS_DIR;
		};
		953A3296140F78BD0072549D /* UIUnitTests.octest */ = {
			isa = PBXReferenceProxy;
			fileType = wrapper.cfbundle;
			path = UIUnitTests.octest;
			remoteRef = 953A3295140F78BD0072549D /* PBXContainerItemProxy */;
			sourceTree = BUILT_PRODUCTS_DIR;
		};
		953A3299140F78BD0072549D /* UICommonUnitTests.octest */ = {
			isa = PBXReferenceProxy;
			fileType = wrapper.cfbundle;
			path = UICommonUnitTests.octest;
			remoteRef = 953A3298140F78BD0072549D /* PBXContainerItemProxy */;
			sourceTree = BUILT_PRODUCTS_DIR;
		};
		953A329C140F78BD0072549D /* UINavigatorUnitTests.octest */ = {
			isa = PBXReferenceProxy;
			fileType = wrapper.cfbundle;
			path = UINavigatorUnitTests.octest;
			remoteRef = 953A329B140F78BD0072549D /* PBXContainerItemProxy */;
			sourceTree = BUILT_PRODUCTS_DIR;
		};
/* End PBXReferenceProxy section */

/* Begin PBXResourcesBuildPhase section */
		956CC3D7140F73A4002510D6 /* Resources */ = {
			isa = PBXResourcesBuildPhase;
			buildActionMask = 2147483647;
			files = (
				320B6C86F11D9990244A9731 /* Three20.bundle in Resources */,
				956CC3E8140F73A4002510D6 /* InfoPlist.strings in Resources */,
				956CC3F1140F73A4002510D6 /* MainWindow.xib in Resources */,
				95EF30D3140FF6A4007155E8 /* test.html in Resources */,
			);
			runOnlyForDeploymentPostprocessing = 0;
		};
/* End PBXResourcesBuildPhase section */

/* Begin PBXSourcesBuildPhase section */
		956CC3D5140F73A4002510D6 /* Sources */ = {
			isa = PBXSourcesBuildPhase;
			buildActionMask = 2147483647;
			files = (
				956CC3EA140F73A4002510D6 /* main.m in Sources */,
				956CC3EE140F73A4002510D6 /* KageClientAppDelegate.m in Sources */,
				953A32A4140F79AE0072549D /* KageParser.m in Sources */,
				95C6601C1411387900A02855 /* RegexHelper.m in Sources */,
				95C660D61411458C00A02855 /* KageData.xcdatamodeld in Sources */,
				95C660E0141148E400A02855 /* KageTableViewController.m in Sources */,
				95C6612014114ACC00A02855 /* CoreDataHelper.m in Sources */,
				95C6617E14114C7900A02855 /* CommonData.m in Sources */,
				959BD44C1412392F00C2CBC8 /* KageTableDataSource.m in Sources */,
				954C6CF4141269660082EBAD /* TableAnimeItem.m in Sources */,
				954C6CF7141272350082EBAD /* Subtitle.m in Sources */,
				954C6CFA141272370082EBAD /* Anime.m in Sources */,
				954C6CFD141272370082EBAD /* Group.m in Sources */,
				954C6D00141283E70082EBAD /* AnimeDetailViewController.m in Sources */,
			);
			runOnlyForDeploymentPostprocessing = 0;
		};
/* End PBXSourcesBuildPhase section */

/* Begin PBXTargetDependency section */
		3201088596B4756681693701 /* PBXTargetDependency */ = {
			isa = PBXTargetDependency;
			name = Three20UICommon;
			targetProxy = 3201088596B4756681693702 /* PBXContainerItemProxy */;
		};
		320A2827FEC940B25BC42C61 /* PBXTargetDependency */ = {
			isa = PBXTargetDependency;
			name = Three20Core;
			targetProxy = 320A2827FEC940B25BC42C62 /* PBXContainerItemProxy */;
		};
		320A5A189C235877202780D1 /* PBXTargetDependency */ = {
			isa = PBXTargetDependency;
			name = Three20Network;
			targetProxy = 320A5A189C235877202780D2 /* PBXContainerItemProxy */;
		};
		320A737074758E53BA54BE91 /* PBXTargetDependency */ = {
			isa = PBXTargetDependency;
			name = Three20UINavigator;
			targetProxy = 320A737074758E53BA54BE92 /* PBXContainerItemProxy */;
		};
		320CC833B8AF0ACFD35E6221 /* PBXTargetDependency */ = {
			isa = PBXTargetDependency;
			name = Three20Style;
			targetProxy = 320CC833B8AF0ACFD35E6222 /* PBXContainerItemProxy */;
		};
		320D7DCCE32703ACAB9A45E1 /* PBXTargetDependency */ = {
			isa = PBXTargetDependency;
			name = Three20;
			targetProxy = 320D7DCCE32703ACAB9A45E2 /* PBXContainerItemProxy */;
		};
		320F2C48872C2E2C4DF86201 /* PBXTargetDependency */ = {
			isa = PBXTargetDependency;
			name = Three20UI;
			targetProxy = 320F2C48872C2E2C4DF86202 /* PBXContainerItemProxy */;
		};
/* End PBXTargetDependency section */

/* Begin PBXVariantGroup section */
		956CC3E6140F73A4002510D6 /* InfoPlist.strings */ = {
			isa = PBXVariantGroup;
			children = (
				956CC3E7140F73A4002510D6 /* en */,
			);
			name = InfoPlist.strings;
			sourceTree = "<group>";
		};
		956CC3EF140F73A4002510D6 /* MainWindow.xib */ = {
			isa = PBXVariantGroup;
			children = (
				956CC3F0140F73A4002510D6 /* en */,
			);
			name = MainWindow.xib;
			sourceTree = "<group>";
		};
/* End PBXVariantGroup section */

/* Begin XCBuildConfiguration section */
		956CC3F2140F73A4002510D6 /* Debug */ = {
			isa = XCBuildConfiguration;
			buildSettings = {
				ALWAYS_SEARCH_USER_PATHS = NO;
				ARCHS = "$(ARCHS_STANDARD_32_BIT)";
				"CODE_SIGN_IDENTITY[sdk=iphoneos*]" = "iPhone Developer";
				COPY_PHASE_STRIP = NO;
				GCC_C_LANGUAGE_STANDARD = gnu99;
				GCC_DYNAMIC_NO_PIC = NO;
				GCC_OPTIMIZATION_LEVEL = 0;
				GCC_PREPROCESSOR_DEFINITIONS = (
					"DEBUG=1",
					"$(inherited)",
				);
				GCC_SYMBOLS_PRIVATE_EXTERN = NO;
				GCC_VERSION = com.apple.compilers.llvmgcc42;
				GCC_WARN_ABOUT_MISSING_PROTOTYPES = YES;
				GCC_WARN_ABOUT_RETURN_TYPE = YES;
				GCC_WARN_UNUSED_VARIABLE = YES;
				HEADER_SEARCH_PATHS = (
					"$(BUILT_PRODUCTS_DIR)/../three20",
					"$(BUILT_PRODUCTS_DIR)/../../three20",
					../../../three20/Build/Products/three20,
				);
				IPHONEOS_DEPLOYMENT_TARGET = 4.3;
				OTHER_LDFLAGS = "-ObjC";
				SDKROOT = iphoneos;
			};
			name = Debug;
		};
		956CC3F3140F73A4002510D6 /* Release */ = {
			isa = XCBuildConfiguration;
			buildSettings = {
				ALWAYS_SEARCH_USER_PATHS = NO;
				ARCHS = "$(ARCHS_STANDARD_32_BIT)";
				"CODE_SIGN_IDENTITY[sdk=iphoneos*]" = "iPhone Developer";
				COPY_PHASE_STRIP = YES;
				GCC_C_LANGUAGE_STANDARD = gnu99;
				GCC_VERSION = com.apple.compilers.llvmgcc42;
				GCC_WARN_ABOUT_MISSING_PROTOTYPES = YES;
				GCC_WARN_ABOUT_RETURN_TYPE = YES;
				GCC_WARN_UNUSED_VARIABLE = YES;
				HEADER_SEARCH_PATHS = (
					"$(BUILT_PRODUCTS_DIR)/../three20",
					"$(BUILT_PRODUCTS_DIR)/../../three20",
					../../../three20/Build/Products/three20,
				);
				IPHONEOS_DEPLOYMENT_TARGET = 4.3;
				OTHER_CFLAGS = "-DNS_BLOCK_ASSERTIONS=1";
				OTHER_LDFLAGS = "-ObjC";
				SDKROOT = iphoneos;
				VALIDATE_PRODUCT = YES;
			};
			name = Release;
		};
		956CC3F5140F73A4002510D6 /* Debug */ = {
			isa = XCBuildConfiguration;
			buildSettings = {
				GCC_PRECOMPILE_PREFIX_HEADER = YES;
				GCC_PREFIX_HEADER = "KageClient/KageClient-Prefix.pch";
				INFOPLIST_FILE = "KageClient/KageClient-Info.plist";
				PRODUCT_NAME = "$(TARGET_NAME)";
				WRAPPER_EXTENSION = app;
			};
			name = Debug;
		};
		956CC3F6140F73A4002510D6 /* Release */ = {
			isa = XCBuildConfiguration;
			buildSettings = {
				GCC_PRECOMPILE_PREFIX_HEADER = YES;
				GCC_PREFIX_HEADER = "KageClient/KageClient-Prefix.pch";
				INFOPLIST_FILE = "KageClient/KageClient-Info.plist";
				PRODUCT_NAME = "$(TARGET_NAME)";
				WRAPPER_EXTENSION = app;
			};
			name = Release;
		};
/* End XCBuildConfiguration section */

/* Begin XCConfigurationList section */
		956CC3D3140F73A4002510D6 /* Build configuration list for PBXProject "KageClient" */ = {
			isa = XCConfigurationList;
			buildConfigurations = (
				956CC3F2140F73A4002510D6 /* Debug */,
				956CC3F3140F73A4002510D6 /* Release */,
			);
			defaultConfigurationIsVisible = 0;
			defaultConfigurationName = Release;
		};
		956CC3F4140F73A4002510D6 /* Build configuration list for PBXNativeTarget "KageClient" */ = {
			isa = XCConfigurationList;
			buildConfigurations = (
				956CC3F5140F73A4002510D6 /* Debug */,
				956CC3F6140F73A4002510D6 /* Release */,
			);
			defaultConfigurationIsVisible = 0;
			defaultConfigurationName = Release;
		};
/* End XCConfigurationList section */

/* Begin XCVersionGroup section */
		95C660D41411458C00A02855 /* KageData.xcdatamodeld */ = {
			isa = XCVersionGroup;
			children = (
				95C660D51411458C00A02855 /* KageData.xcdatamodel */,
			);
			currentVersion = 95C660D51411458C00A02855 /* KageData.xcdatamodel */;
			name = KageData.xcdatamodeld;
			path = Models/KageData.xcdatamodeld;
			sourceTree = "<group>";
			versionGroupType = wrapper.xcdatamodel;
		};
/* End XCVersionGroup section */
	};
	rootObject = 956CC3D0140F73A4002510D6 /* Project object */;
}
